Microsoft Visual Studio Solution File, Format Version 12.00
# Visual Studio Version 17
VisualStudioVersion = 17.5.2.0
MinimumVisualStudioVersion = 10.0.40219.1
Project("{FAE04EC0-301F-11D3-BF4B-00C04F79EFBC}") = "ToDoListServer", "ToDoListServer\ToDoListServer.csproj", "{54D223B0-B247-65F1-1265-DF9B10B3A440}"
EndProject
Global
	GlobalSection(SolutionConfigurationPlatforms) = preSolution
		Debug|Any CPU = Debug|Any CPU
		Release|Any CPU = Release|Any CPU
	EndGlobalSection
	GlobalSection(ProjectConfigurationPlatforms) = postSolution
		{54D223B0-B247-65F1-1265-DF9B10B3A440}.Debug|Any CPU.ActiveCfg = Debug|Any CPU
		{54D223B0-B247-65F1-1265-DF9B10B3A440}.Debug|Any CPU.Build.0 = Debug|Any CPU
		{54D223B0-B247-65F1-1265-DF9B10B3A440}.Release|Any CPU.ActiveCfg = Release|Any CPU
		{54D223B0-B247-65F1-1265-DF9B10B3A440}.Release|Any CPU.Build.0 = Release|Any CPU
	EndGlobalSection
	GlobalSection(SolutionProperties) = preSolution
		HideSolutionNode = FALSE
	EndGlobalSection
	GlobalSection(ExtensibilityGlobals) = postSolution
		SolutionGuid = {A6F0C2AB-32A8-4A1E-ADA0-1B8A3FCF6903}
	EndGlobalSection
EndGlobal
